{
  "object": {
    "pins": [
      {
        "package": "MNetwork",
        "repositoryURL": "https://github.com/mzalih/Network",
        "state": {
          "branch": null,
          "revision": "cb6ac01456ce9feb9c1d6a954c02cf5280c950c4",
          "version": "0.0.4"
        }
      }
    ]
  },
  "version": 1
}
