{
  "object": {
    "pins": [
      {
        "package": "MNetwork",
        "repositoryURL": "https://github.com/mzalih/Network",
        "state": {
          "branch": null,
          "revision": "fddf037343aed7e927c7008a80ce9127d281e41c",
          "version": "0.0.8"
        }
      }
    ]
  },
  "version": 1
}
