// !$*UTF8*$!
{
	archiveVersion = 1;
	classes = {
	};
	objectVersion = 52;
	objects = {

/* Begin PBXBuildFile section */
		24293E8827A2CDE4008CE369 /* AppDelegate.swift in Sources */ = {isa = PBXBuildFile; fileRef = 24293E8727A2CDE4008CE369 /* AppDelegate.swift */; };
		24293E8A27A2CDE4008CE369 /* SceneDelegate.swift in Sources */ = {isa = PBXBuildFile; fileRef = 24293E8927A2CDE4008CE369 /* SceneDelegate.swift */; };
		24293E8C27A2CDE4008CE369 /* AuthViewController.swift in Sources */ = {isa = PBXBuildFile; fileRef = 24293E8B27A2CDE4008CE369 /* AuthViewController.swift */; };
		24293E8F27A2CDE4008CE369 /* Main.storyboard in Resources */ = {isa = PBXBuildFile; fileRef = 24293E8D27A2CDE4008CE369 /* Main.storyboard */; };
		24293E9227A2CDE4008CE369 /* Recepie.xcdatamodeld in Sources */ = {isa = PBXBuildFile; fileRef = 24293E9027A2CDE4008CE369 /* Recepie.xcdatamodeld */; };
		24293E9427A2CDE6008CE369 /* Assets.xcassets in Resources */ = {isa = PBXBuildFile; fileRef = 24293E9327A2CDE6008CE369 /* Assets.xcassets */; };
		24293E9727A2CDE6008CE369 /* LaunchScreen.storyboard in Resources */ = {isa = PBXBuildFile; fileRef = 24293E9527A2CDE6008CE369 /* LaunchScreen.storyboard */; };
		24293EA227A2CDE6008CE369 /* RecepieTests.swift in Sources */ = {isa = PBXBuildFile; fileRef = 24293EA127A2CDE6008CE369 /* RecepieTests.swift */; };
		24293EAD27A2CDE7008CE369 /* RecepieUITests.swift in Sources */ = {isa = PBXBuildFile; fileRef = 24293EAC27A2CDE7008CE369 /* RecepieUITests.swift */; };
		24293F1327A2D2F4008CE369 /* StoryboardInitializable.swift in Sources */ = {isa = PBXBuildFile; fileRef = 24293F1227A2D2F4008CE369 /* StoryboardInitializable.swift */; };
		24293F1827A3B0AD008CE369 /* Coordinator.swift in Sources */ = {isa = PBXBuildFile; fileRef = 24293F1727A3B0AD008CE369 /* Coordinator.swift */; };
		24293F2427A3C03C008CE369 /* ReceipieListViewController.swift in Sources */ = {isa = PBXBuildFile; fileRef = 24293F2327A3C03C008CE369 /* ReceipieListViewController.swift */; };
		24293F2C27A3C04E008CE369 /* ReceipieListViewController.storyboard in Resources */ = {isa = PBXBuildFile; fileRef = 24293F2B27A3C04E008CE369 /* ReceipieListViewController.storyboard */; };
		24293F3127A3C0F8008CE369 /* PullToReloadable.swift in Sources */ = {isa = PBXBuildFile; fileRef = 24293F3027A3C0F8008CE369 /* PullToReloadable.swift */; };
		24293F3927A3F5A8008CE369 /* ReceipieDetailsViewController.swift in Sources */ = {isa = PBXBuildFile; fileRef = 24293F3827A3F5A8008CE369 /* ReceipieDetailsViewController.swift */; };
		24293F4127A4080D008CE369 /* CachedRecepieService.swift in Sources */ = {isa = PBXBuildFile; fileRef = 24293F4027A4080D008CE369 /* CachedRecepieService.swift */; };
		24293F5327A41B2A008CE369 /* ReceipieService.swift in Sources */ = {isa = PBXBuildFile; fileRef = 24293F5227A41B2A008CE369 /* ReceipieService.swift */; };
		24293F5927A42156008CE369 /* UIView+Extension.swift in Sources */ = {isa = PBXBuildFile; fileRef = 24293F5827A42156008CE369 /* UIView+Extension.swift */; };
		24293F6727A423C9008CE369 /* Toast.swift in Sources */ = {isa = PBXBuildFile; fileRef = 24293F6627A423C9008CE369 /* Toast.swift */; };
		24293F6C27A42680008CE369 /* ReceipieListViewModel.swift in Sources */ = {isa = PBXBuildFile; fileRef = 24293F6B27A42680008CE369 /* ReceipieListViewModel.swift */; };
		24293F7527A4521B008CE369 /* MNetwork in Frameworks */ = {isa = PBXBuildFile; productRef = 24293F7427A4521B008CE369 /* MNetwork */; };
		24293F7A27A45246008CE369 /* APIReceipieServices.swift in Sources */ = {isa = PBXBuildFile; fileRef = 24293F7927A45246008CE369 /* APIReceipieServices.swift */; };
		24293F8227A462BA008CE369 /* URL.swift in Sources */ = {isa = PBXBuildFile; fileRef = 24293F8127A462BA008CE369 /* URL.swift */; };
		24597C1827A4FEE800CA7B0D /* ReceipieListCell.swift in Sources */ = {isa = PBXBuildFile; fileRef = 24597C1727A4FEE800CA7B0D /* ReceipieListCell.swift */; };
		247210DB27A6ED5F0084D3B6 /* XCTest_Extension.swift in Sources */ = {isa = PBXBuildFile; fileRef = 247210DA27A6ED5F0084D3B6 /* XCTest_Extension.swift */; };
		247210E327A6F0F70084D3B6 /* String+Extension.swift in Sources */ = {isa = PBXBuildFile; fileRef = 247210E227A6F0F70084D3B6 /* String+Extension.swift */; };
		247210E927A6F63A0084D3B6 /* RecepieList.json in Resources */ = {isa = PBXBuildFile; fileRef = 247210E827A6F63A0084D3B6 /* RecepieList.json */; };
		247210F527A700580084D3B6 /* AuthViewModel.swift in Sources */ = {isa = PBXBuildFile; fileRef = 247210F427A700580084D3B6 /* AuthViewModel.swift */; };
		247210FB27A700960084D3B6 /* Authstate.swift in Sources */ = {isa = PBXBuildFile; fileRef = 247210FA27A700960084D3B6 /* Authstate.swift */; };
		2472110627A700DA0084D3B6 /* Receipie.swift in Sources */ = {isa = PBXBuildFile; fileRef = 2472110527A700DA0084D3B6 /* Receipie.swift */; };
		2472110B27A701020084D3B6 /* UIColor+Extension.swift in Sources */ = {isa = PBXBuildFile; fileRef = 2472110A27A701020084D3B6 /* UIColor+Extension.swift */; };
		2472111327A7016D0084D3B6 /* ReceipieListCellViewModel.swift in Sources */ = {isa = PBXBuildFile; fileRef = 2472111227A7016D0084D3B6 /* ReceipieListCellViewModel.swift */; };
		2472111827A701F70084D3B6 /* ReceipieDetailsViewModel.swift in Sources */ = {isa = PBXBuildFile; fileRef = 2472111727A701F70084D3B6 /* ReceipieDetailsViewModel.swift */; };
		2472111D27A706FA0084D3B6 /* NSObject+Extension.swift in Sources */ = {isa = PBXBuildFile; fileRef = 2472111C27A706FA0084D3B6 /* NSObject+Extension.swift */; };
		2472112927A93A9D0084D3B6 /* App.swift in Sources */ = {isa = PBXBuildFile; fileRef = 2472112827A93A9D0084D3B6 /* App.swift */; };
		2472114127A95E900084D3B6 /* RecepieList.json in Resources */ = {isa = PBXBuildFile; fileRef = 247210E827A6F63A0084D3B6 /* RecepieList.json */; };
		2472115627AD50980084D3B6 /* DeepLink.swift in Sources */ = {isa = PBXBuildFile; fileRef = 2472115527AD50970084D3B6 /* DeepLink.swift */; };
		248801CD27B63DB20080063A /* AppCoordinator.swift in Sources */ = {isa = PBXBuildFile; fileRef = 248801CC27B63DB20080063A /* AppCoordinator.swift */; };
		248801D527B63E080080063A /* AuthCoordinator.swift in Sources */ = {isa = PBXBuildFile; fileRef = 248801D427B63E080080063A /* AuthCoordinator.swift */; };
		248801DB27B63E430080063A /* HomeCoordinator.swift in Sources */ = {isa = PBXBuildFile; fileRef = 248801DA27B63E430080063A /* HomeCoordinator.swift */; };
		248801E327B640C30080063A /* ChildCoordinatorManager.swift in Sources */ = {isa = PBXBuildFile; fileRef = 248801E227B640C30080063A /* ChildCoordinatorManager.swift */; };
		24DE318727AD6308000D8C2A /* DeepLinkUITests.swift in Sources */ = {isa = PBXBuildFile; fileRef = 24DE318627AD6308000D8C2A /* DeepLinkUITests.swift */; };
/* End PBXBuildFile section */

/* Begin PBXContainerItemProxy section */
		24293E9E27A2CDE6008CE369 /* PBXContainerItemProxy */ = {
			isa = PBXContainerItemProxy;
			containerPortal = 24293E7C27A2CDE4008CE369 /* Project object */;
			proxyType = 1;
			remoteGlobalIDString = 24293E8327A2CDE4008CE369;
			remoteInfo = Recepie;
		};
		24293EA927A2CDE7008CE369 /* PBXContainerItemProxy */ = {
			isa = PBXContainerItemProxy;
			containerPortal = 24293E7C27A2CDE4008CE369 /* Project object */;
			proxyType = 1;
			remoteGlobalIDString = 24293E8327A2CDE4008CE369;
			remoteInfo = Recepie;
		};
/* End PBXContainerItemProxy section */

/* Begin PBXFileReference section */
		24293E8427A2CDE4008CE369 /* Recepie.app */ = {isa = PBXFileReference; explicitFileType = wrapper.application; includeInIndex = 0; path = Recepie.app; sourceTree = BUILT_PRODUCTS_DIR; };
		24293E8727A2CDE4008CE369 /* AppDelegate.swift */ = {isa = PBXFileReference; lastKnownFileType = sourcecode.swift; path = AppDelegate.swift; sourceTree = "<group>"; };
		24293E8927A2CDE4008CE369 /* SceneDelegate.swift */ = {isa = PBXFileReference; lastKnownFileType = sourcecode.swift; path = SceneDelegate.swift; sourceTree = "<group>"; };
		24293E8B27A2CDE4008CE369 /* AuthViewController.swift */ = {isa = PBXFileReference; lastKnownFileType = sourcecode.swift; path = AuthViewController.swift; sourceTree = "<group>"; };
		24293E8E27A2CDE4008CE369 /* Base */ = {isa = PBXFileReference; lastKnownFileType = file.storyboard; name = Base; path = Base.lproj/Main.storyboard; sourceTree = "<group>"; };
		24293E9127A2CDE4008CE369 /* Recepie.xcdatamodel */ = {isa = PBXFileReference; lastKnownFileType = wrapper.xcdatamodel; path = Recepie.xcdatamodel; sourceTree = "<group>"; };
		24293E9327A2CDE6008CE369 /* Assets.xcassets */ = {isa = PBXFileReference; lastKnownFileType = folder.assetcatalog; path = Assets.xcassets; sourceTree = "<group>"; };
		24293E9627A2CDE6008CE369 /* Base */ = {isa = PBXFileReference; lastKnownFileType = file.storyboard; name = Base; path = Base.lproj/LaunchScreen.storyboard; sourceTree = "<group>"; };
		24293E9827A2CDE6008CE369 /* Info.plist */ = {isa = PBXFileReference; lastKnownFileType = text.plist.xml; path = Info.plist; sourceTree = "<group>"; };
		24293E9D27A2CDE6008CE369 /* RecepieTests.xctest */ = {isa = PBXFileReference; explicitFileType = wrapper.cfbundle; includeInIndex = 0; path = RecepieTests.xctest; sourceTree = BUILT_PRODUCTS_DIR; };
		24293EA127A2CDE6008CE369 /* RecepieTests.swift */ = {isa = PBXFileReference; lastKnownFileType = sourcecode.swift; path = RecepieTests.swift; sourceTree = "<group>"; };
		24293EA327A2CDE6008CE369 /* Info.plist */ = {isa = PBXFileReference; lastKnownFileType = text.plist.xml; path = Info.plist; sourceTree = "<group>"; };
		24293EA827A2CDE7008CE369 /* RecepieUITests.xctest */ = {isa = PBXFileReference; explicitFileType = wrapper.cfbundle; includeInIndex = 0; path = RecepieUITests.xctest; sourceTree = BUILT_PRODUCTS_DIR; };
		24293EAC27A2CDE7008CE369 /* RecepieUITests.swift */ = {isa = PBXFileReference; lastKnownFileType = sourcecode.swift; path = RecepieUITests.swift; sourceTree = "<group>"; };
		24293EAE27A2CDE7008CE369 /* Info.plist */ = {isa = PBXFileReference; lastKnownFileType = text.plist.xml; path = Info.plist; sourceTree = "<group>"; };
		24293F1227A2D2F4008CE369 /* StoryboardInitializable.swift */ = {isa = PBXFileReference; lastKnownFileType = sourcecode.swift; path = StoryboardInitializable.swift; sourceTree = "<group>"; };
		24293F1727A3B0AD008CE369 /* Coordinator.swift */ = {isa = PBXFileReference; lastKnownFileType = sourcecode.swift; path = Coordinator.swift; sourceTree = "<group>"; };
		24293F2327A3C03C008CE369 /* ReceipieListViewController.swift */ = {isa = PBXFileReference; lastKnownFileType = sourcecode.swift; path = ReceipieListViewController.swift; sourceTree = "<group>"; };
		24293F2B27A3C04E008CE369 /* ReceipieListViewController.storyboard */ = {isa = PBXFileReference; lastKnownFileType = file.storyboard; path = ReceipieListViewController.storyboard; sourceTree = "<group>"; };
		24293F3027A3C0F8008CE369 /* PullToReloadable.swift */ = {isa = PBXFileReference; lastKnownFileType = sourcecode.swift; path = PullToReloadable.swift; sourceTree = "<group>"; };
		24293F3827A3F5A8008CE369 /* ReceipieDetailsViewController.swift */ = {isa = PBXFileReference; lastKnownFileType = sourcecode.swift; path = ReceipieDetailsViewController.swift; sourceTree = "<group>"; };
		24293F4027A4080D008CE369 /* CachedRecepieService.swift */ = {isa = PBXFileReference; lastKnownFileType = sourcecode.swift; path = CachedRecepieService.swift; sourceTree = "<group>"; };
		24293F5227A41B2A008CE369 /* ReceipieService.swift */ = {isa = PBXFileReference; lastKnownFileType = sourcecode.swift; path = ReceipieService.swift; sourceTree = "<group>"; };
		24293F5827A42156008CE369 /* UIView+Extension.swift */ = {isa = PBXFileReference; lastKnownFileType = sourcecode.swift; path = "UIView+Extension.swift"; sourceTree = "<group>"; };
		24293F6627A423C9008CE369 /* Toast.swift */ = {isa = PBXFileReference; lastKnownFileType = sourcecode.swift; path = Toast.swift; sourceTree = "<group>"; };
		24293F6B27A42680008CE369 /* ReceipieListViewModel.swift */ = {isa = PBXFileReference; lastKnownFileType = sourcecode.swift; path = ReceipieListViewModel.swift; sourceTree = "<group>"; };
		24293F7927A45246008CE369 /* APIReceipieServices.swift */ = {isa = PBXFileReference; lastKnownFileType = sourcecode.swift; path = APIReceipieServices.swift; sourceTree = "<group>"; };
		24293F8127A462BA008CE369 /* URL.swift */ = {isa = PBXFileReference; lastKnownFileType = sourcecode.swift; path = URL.swift; sourceTree = "<group>"; };
		24597C1727A4FEE800CA7B0D /* ReceipieListCell.swift */ = {isa = PBXFileReference; lastKnownFileType = sourcecode.swift; path = ReceipieListCell.swift; sourceTree = "<group>"; };
		247210DA27A6ED5F0084D3B6 /* XCTest_Extension.swift */ = {isa = PBXFileReference; lastKnownFileType = sourcecode.swift; path = XCTest_Extension.swift; sourceTree = "<group>"; };
		247210E227A6F0F70084D3B6 /* String+Extension.swift */ = {isa = PBXFileReference; lastKnownFileType = sourcecode.swift; path = "String+Extension.swift"; sourceTree = "<group>"; };
		247210E827A6F63A0084D3B6 /* RecepieList.json */ = {isa = PBXFileReference; lastKnownFileType = text.json; path = RecepieList.json; sourceTree = "<group>"; };
		247210F427A700580084D3B6 /* AuthViewModel.swift */ = {isa = PBXFileReference; lastKnownFileType = sourcecode.swift; path = AuthViewModel.swift; sourceTree = "<group>"; };
		247210FA27A700960084D3B6 /* Authstate.swift */ = {isa = PBXFileReference; lastKnownFileType = sourcecode.swift; path = Authstate.swift; sourceTree = "<group>"; };
		2472110527A700DA0084D3B6 /* Receipie.swift */ = {isa = PBXFileReference; lastKnownFileType = sourcecode.swift; path = Receipie.swift; sourceTree = "<group>"; };
		2472110A27A701020084D3B6 /* UIColor+Extension.swift */ = {isa = PBXFileReference; lastKnownFileType = sourcecode.swift; path = "UIColor+Extension.swift"; sourceTree = "<group>"; };
		2472111227A7016D0084D3B6 /* ReceipieListCellViewModel.swift */ = {isa = PBXFileReference; lastKnownFileType = sourcecode.swift; path = ReceipieListCellViewModel.swift; sourceTree = "<group>"; };
		2472111727A701F70084D3B6 /* ReceipieDetailsViewModel.swift */ = {isa = PBXFileReference; lastKnownFileType = sourcecode.swift; path = ReceipieDetailsViewModel.swift; sourceTree = "<group>"; };
		2472111C27A706FA0084D3B6 /* NSObject+Extension.swift */ = {isa = PBXFileReference; lastKnownFileType = sourcecode.swift; path = "NSObject+Extension.swift"; sourceTree = "<group>"; };
		2472112827A93A9D0084D3B6 /* App.swift */ = {isa = PBXFileReference; lastKnownFileType = sourcecode.swift; path = App.swift; sourceTree = "<group>"; };
		2472115527AD50970084D3B6 /* DeepLink.swift */ = {isa = PBXFileReference; lastKnownFileType = sourcecode.swift; path = DeepLink.swift; sourceTree = "<group>"; };
		248801CC27B63DB20080063A /* AppCoordinator.swift */ = {isa = PBXFileReference; lastKnownFileType = sourcecode.swift; path = AppCoordinator.swift; sourceTree = "<group>"; };
		248801D427B63E080080063A /* AuthCoordinator.swift */ = {isa = PBXFileReference; lastKnownFileType = sourcecode.swift; path = AuthCoordinator.swift; sourceTree = "<group>"; };
		248801DA27B63E430080063A /* HomeCoordinator.swift */ = {isa = PBXFileReference; lastKnownFileType = sourcecode.swift; path = HomeCoordinator.swift; sourceTree = "<group>"; };
		248801E227B640C30080063A /* ChildCoordinatorManager.swift */ = {isa = PBXFileReference; lastKnownFileType = sourcecode.swift; path = ChildCoordinatorManager.swift; sourceTree = "<group>"; };
		24DE318627AD6308000D8C2A /* DeepLinkUITests.swift */ = {isa = PBXFileReference; lastKnownFileType = sourcecode.swift; path = DeepLinkUITests.swift; sourceTree = "<group>"; };
/* End PBXFileReference section */

/* Begin PBXFrameworksBuildPhase section */
		24293E8127A2CDE4008CE369 /* Frameworks */ = {
			isa = PBXFrameworksBuildPhase;
			buildActionMask = 2147483647;
			files = (
				24293F7527A4521B008CE369 /* MNetwork in Frameworks */,
			);
			runOnlyForDeploymentPostprocessing = 0;
		};
		24293E9A27A2CDE6008CE369 /* Frameworks */ = {
			isa = PBXFrameworksBuildPhase;
			buildActionMask = 2147483647;
			files = (
			);
			runOnlyForDeploymentPostprocessing = 0;
		};
		24293EA527A2CDE7008CE369 /* Frameworks */ = {
			isa = PBXFrameworksBuildPhase;
			buildActionMask = 2147483647;
			files = (
			);
			runOnlyForDeploymentPostprocessing = 0;
		};
/* End PBXFrameworksBuildPhase section */

/* Begin PBXGroup section */
		24293E7B27A2CDE4008CE369 = {
			isa = PBXGroup;
			children = (
				24293E8627A2CDE4008CE369 /* Recepie */,
				24293EA027A2CDE6008CE369 /* RecepieTests */,
				24293EAB27A2CDE7008CE369 /* RecepieUITests */,
				24293E8527A2CDE4008CE369 /* Products */,
			);
			sourceTree = "<group>";
		};
		24293E8527A2CDE4008CE369 /* Products */ = {
			isa = PBXGroup;
			children = (
				24293E8427A2CDE4008CE369 /* Recepie.app */,
				24293E9D27A2CDE6008CE369 /* RecepieTests.xctest */,
				24293EA827A2CDE7008CE369 /* RecepieUITests.xctest */,
			);
			name = Products;
			sourceTree = "<group>";
		};
		24293E8627A2CDE4008CE369 /* Recepie */ = {
			isa = PBXGroup;
			children = (
				2472115427AD50830084D3B6 /* DeepLink */,
				2472112627A93A660084D3B6 /* Features */,
				247210F927A700850084D3B6 /* Model */,
				24293F3D27A407E0008CE369 /* Services */,
				24293F1127A2D2D3008CE369 /* Config */,
				24293E8727A2CDE4008CE369 /* AppDelegate.swift */,
				24293E8927A2CDE4008CE369 /* SceneDelegate.swift */,
				24293E8D27A2CDE4008CE369 /* Main.storyboard */,
				24293E9327A2CDE6008CE369 /* Assets.xcassets */,
				24293E9527A2CDE6008CE369 /* LaunchScreen.storyboard */,
				24293E9827A2CDE6008CE369 /* Info.plist */,
				24293E9027A2CDE4008CE369 /* Recepie.xcdatamodeld */,
			);
			path = Recepie;
			sourceTree = "<group>";
		};
		24293EA027A2CDE6008CE369 /* RecepieTests */ = {
			isa = PBXGroup;
			children = (
				247210E727A6F60F0084D3B6 /* Response */,
				247210DA27A6ED5F0084D3B6 /* XCTest_Extension.swift */,
				24293EA127A2CDE6008CE369 /* RecepieTests.swift */,
				24293EA327A2CDE6008CE369 /* Info.plist */,
			);
			path = RecepieTests;
			sourceTree = "<group>";
		};
		24293EAB27A2CDE7008CE369 /* RecepieUITests */ = {
			isa = PBXGroup;
			children = (
				24293EAC27A2CDE7008CE369 /* RecepieUITests.swift */,
				24DE318627AD6308000D8C2A /* DeepLinkUITests.swift */,
				24293EAE27A2CDE7008CE369 /* Info.plist */,
			);
			path = RecepieUITests;
			sourceTree = "<group>";
		};
		24293F1127A2D2D3008CE369 /* Config */ = {
			isa = PBXGroup;
			children = (
				248801CB27B63D900080063A /* Coocrdinator */,
				2472112727A93A8C0084D3B6 /* Basic */,
				24293F5727A41F07008CE369 /* Extentions */,
				24293F1227A2D2F4008CE369 /* StoryboardInitializable.swift */,
				24293F6627A423C9008CE369 /* Toast.swift */,
				24293F3027A3C0F8008CE369 /* PullToReloadable.swift */,
			);
			path = Config;
			sourceTree = "<group>";
		};
		24293F1F27A3BFBC008CE369 /* Home */ = {
			isa = PBXGroup;
			children = (
				24293F2027A3BFC6008CE369 /* Recepie */,
			);
			path = Home;
			sourceTree = "<group>";
		};
		24293F2027A3BFC6008CE369 /* Recepie */ = {
			isa = PBXGroup;
			children = (
				24293F2227A3BFD9008CE369 /* ReceipieDetails */,
				24293F2127A3BFCF008CE369 /* RecepieList */,
				24293F5227A41B2A008CE369 /* ReceipieService.swift */,
			);
			path = Recepie;
			sourceTree = "<group>";
		};
		24293F2127A3BFCF008CE369 /* RecepieList */ = {
			isa = PBXGroup;
			children = (
				24597C1C27A4FEF200CA7B0D /* RecepieCell */,
				24293F2327A3C03C008CE369 /* ReceipieListViewController.swift */,
				24293F6B27A42680008CE369 /* ReceipieListViewModel.swift */,
				24293F2B27A3C04E008CE369 /* ReceipieListViewController.storyboard */,
			);
			path = RecepieList;
			sourceTree = "<group>";
		};
		24293F2227A3BFD9008CE369 /* ReceipieDetails */ = {
			isa = PBXGroup;
			children = (
				24293F3827A3F5A8008CE369 /* ReceipieDetailsViewController.swift */,
				2472111727A701F70084D3B6 /* ReceipieDetailsViewModel.swift */,
			);
			path = ReceipieDetails;
			sourceTree = "<group>";
		};
		24293F3D27A407E0008CE369 /* Services */ = {
			isa = PBXGroup;
			children = (
				24293F4827A40814008CE369 /* APi */,
				24293F3E27A407EB008CE369 /* Cached */,
			);
			path = Services;
			sourceTree = "<group>";
		};
		24293F3E27A407EB008CE369 /* Cached */ = {
			isa = PBXGroup;
			children = (
				24293F4027A4080D008CE369 /* CachedRecepieService.swift */,
			);
			path = Cached;
			sourceTree = "<group>";
		};
		24293F4827A40814008CE369 /* APi */ = {
			isa = PBXGroup;
			children = (
				24293F7927A45246008CE369 /* APIReceipieServices.swift */,
				24293F8127A462BA008CE369 /* URL.swift */,
			);
			path = APi;
			sourceTree = "<group>";
		};
		24293F5727A41F07008CE369 /* Extentions */ = {
			isa = PBXGroup;
			children = (
				24293F5827A42156008CE369 /* UIView+Extension.swift */,
				2472110A27A701020084D3B6 /* UIColor+Extension.swift */,
				247210E227A6F0F70084D3B6 /* String+Extension.swift */,
				2472111C27A706FA0084D3B6 /* NSObject+Extension.swift */,
			);
			path = Extentions;
			sourceTree = "<group>";
		};
		24597C1C27A4FEF200CA7B0D /* RecepieCell */ = {
			isa = PBXGroup;
			children = (
				24597C1727A4FEE800CA7B0D /* ReceipieListCell.swift */,
				2472111227A7016D0084D3B6 /* ReceipieListCellViewModel.swift */,
			);
			path = RecepieCell;
			sourceTree = "<group>";
		};
		247210E727A6F60F0084D3B6 /* Response */ = {
			isa = PBXGroup;
			children = (
				247210E827A6F63A0084D3B6 /* RecepieList.json */,
			);
			path = Response;
			sourceTree = "<group>";
		};
		247210F027A7003E0084D3B6 /* AuthViewController */ = {
			isa = PBXGroup;
			children = (
				24293E8B27A2CDE4008CE369 /* AuthViewController.swift */,
				247210F427A700580084D3B6 /* AuthViewModel.swift */,
			);
			path = AuthViewController;
			sourceTree = "<group>";
		};
		247210F927A700850084D3B6 /* Model */ = {
			isa = PBXGroup;
			children = (
				247210FA27A700960084D3B6 /* Authstate.swift */,
				2472110527A700DA0084D3B6 /* Receipie.swift */,
			);
			path = Model;
			sourceTree = "<group>";
		};
		2472112627A93A660084D3B6 /* Features */ = {
			isa = PBXGroup;
			children = (
				247210F027A7003E0084D3B6 /* AuthViewController */,
				24293F1F27A3BFBC008CE369 /* Home */,
			);
			path = Features;
			sourceTree = "<group>";
		};
		2472112727A93A8C0084D3B6 /* Basic */ = {
			isa = PBXGroup;
			children = (
				2472112827A93A9D0084D3B6 /* App.swift */,
			);
			path = Basic;
			sourceTree = "<group>";
		};
		2472115427AD50830084D3B6 /* DeepLink */ = {
			isa = PBXGroup;
			children = (
				2472115527AD50970084D3B6 /* DeepLink.swift */,
			);
			path = DeepLink;
			sourceTree = "<group>";
		};
		248801CB27B63D900080063A /* Coocrdinator */ = {
			isa = PBXGroup;
			children = (
				24293F1727A3B0AD008CE369 /* Coordinator.swift */,
				248801E227B640C30080063A /* ChildCoordinatorManager.swift */,
				248801CC27B63DB20080063A /* AppCoordinator.swift */,
				248801DA27B63E430080063A /* HomeCoordinator.swift */,
				248801D427B63E080080063A /* AuthCoordinator.swift */,
			);
			path = Coocrdinator;
			sourceTree = "<group>";
		};
/* End PBXGroup section */

/* Begin PBXNativeTarget section */
		24293E8327A2CDE4008CE369 /* Recepie */ = {
			isa = PBXNativeTarget;
			buildConfigurationList = 24293EB127A2CDE7008CE369 /* Build configuration list for PBXNativeTarget "Recepie" */;
			buildPhases = (
				24293E8027A2CDE4008CE369 /* Sources */,
				24293E8127A2CDE4008CE369 /* Frameworks */,
				24293E8227A2CDE4008CE369 /* Resources */,
			);
			buildRules = (
			);
			dependencies = (
			);
			name = Recepie;
			packageProductDependencies = (
				24293F7427A4521B008CE369 /* MNetwork */,
			);
			productName = Recepie;
			productReference = 24293E8427A2CDE4008CE369 /* Recepie.app */;
			productType = "com.apple.product-type.application";
		};
		24293E9C27A2CDE6008CE369 /* RecepieTests */ = {
			isa = PBXNativeTarget;
			buildConfigurationList = 24293EB427A2CDE7008CE369 /* Build configuration list for PBXNativeTarget "RecepieTests" */;
			buildPhases = (
				24293E9927A2CDE6008CE369 /* Sources */,
				24293E9A27A2CDE6008CE369 /* Frameworks */,
				24293E9B27A2CDE6008CE369 /* Resources */,
			);
			buildRules = (
			);
			dependencies = (
				24293E9F27A2CDE6008CE369 /* PBXTargetDependency */,
			);
			name = RecepieTests;
			productName = RecepieTests;
			productReference = 24293E9D27A2CDE6008CE369 /* RecepieTests.xctest */;
			productType = "com.apple.product-type.bundle.unit-test";
		};
		24293EA727A2CDE7008CE369 /* RecepieUITests */ = {
			isa = PBXNativeTarget;
			buildConfigurationList = 24293EB727A2CDE7008CE369 /* Build configuration list for PBXNativeTarget "RecepieUITests" */;
			buildPhases = (
				24293EA427A2CDE7008CE369 /* Sources */,
				24293EA527A2CDE7008CE369 /* Frameworks */,
				24293EA627A2CDE7008CE369 /* Resources */,
			);
			buildRules = (
			);
			dependencies = (
				24293EAA27A2CDE7008CE369 /* PBXTargetDependency */,
			);
			name = RecepieUITests;
			productName = RecepieUITests;
			productReference = 24293EA827A2CDE7008CE369 /* RecepieUITests.xctest */;
			productType = "com.apple.product-type.bundle.ui-testing";
		};
/* End PBXNativeTarget section */

/* Begin PBXProject section */
		24293E7C27A2CDE4008CE369 /* Project object */ = {
			isa = PBXProject;
			attributes = {
				LastSwiftUpdateCheck = 1240;
				LastUpgradeCheck = 1240;
				TargetAttributes = {
					24293E8327A2CDE4008CE369 = {
						CreatedOnToolsVersion = 12.4;
					};
					24293E9C27A2CDE6008CE369 = {
						CreatedOnToolsVersion = 12.4;
						TestTargetID = 24293E8327A2CDE4008CE369;
					};
					24293EA727A2CDE7008CE369 = {
						CreatedOnToolsVersion = 12.4;
						TestTargetID = 24293E8327A2CDE4008CE369;
					};
				};
			};
			buildConfigurationList = 24293E7F27A2CDE4008CE369 /* Build configuration list for PBXProject "Recepie" */;
			compatibilityVersion = "Xcode 9.3";
			developmentRegion = en;
			hasScannedForEncodings = 0;
			knownRegions = (
				en,
				Base,
			);
			mainGroup = 24293E7B27A2CDE4008CE369;
			packageReferences = (
				24293F7327A4521B008CE369 /* XCRemoteSwiftPackageReference "Network" */,
			);
			productRefGroup = 24293E8527A2CDE4008CE369 /* Products */;
			projectDirPath = "";
			projectRoot = "";
			targets = (
				24293E8327A2CDE4008CE369 /* Recepie */,
				24293E9C27A2CDE6008CE369 /* RecepieTests */,
				24293EA727A2CDE7008CE369 /* RecepieUITests */,
			);
		};
/* End PBXProject section */

/* Begin PBXResourcesBuildPhase section */
		24293E8227A2CDE4008CE369 /* Resources */ = {
			isa = PBXResourcesBuildPhase;
			buildActionMask = 2147483647;
			files = (
				24293E9727A2CDE6008CE369 /* LaunchScreen.storyboard in Resources */,
				24293F2C27A3C04E008CE369 /* ReceipieListViewController.storyboard in Resources */,
				24293E9427A2CDE6008CE369 /* Assets.xcassets in Resources */,
				24293E8F27A2CDE4008CE369 /* Main.storyboard in Resources */,
			);
			runOnlyForDeploymentPostprocessing = 0;
		};
		24293E9B27A2CDE6008CE369 /* Resources */ = {
			isa = PBXResourcesBuildPhase;
			buildActionMask = 2147483647;
			files = (
				247210E927A6F63A0084D3B6 /* RecepieList.json in Resources */,
			);
			runOnlyForDeploymentPostprocessing = 0;
		};
		24293EA627A2CDE7008CE369 /* Resources */ = {
			isa = PBXResourcesBuildPhase;
			buildActionMask = 2147483647;
			files = (
				2472114127A95E900084D3B6 /* RecepieList.json in Resources */,
			);
			runOnlyForDeploymentPostprocessing = 0;
		};
/* End PBXResourcesBuildPhase section */

/* Begin PBXSourcesBuildPhase section */
		24293E8027A2CDE4008CE369 /* Sources */ = {
			isa = PBXSourcesBuildPhase;
			buildActionMask = 2147483647;
			files = (
				2472111327A7016D0084D3B6 /* ReceipieListCellViewModel.swift in Sources */,
				248801E327B640C30080063A /* ChildCoordinatorManager.swift in Sources */,
				247210F527A700580084D3B6 /* AuthViewModel.swift in Sources */,
				24597C1827A4FEE800CA7B0D /* ReceipieListCell.swift in Sources */,
				24293F6C27A42680008CE369 /* ReceipieListViewModel.swift in Sources */,
				24293E8C27A2CDE4008CE369 /* AuthViewController.swift in Sources */,
				2472112927A93A9D0084D3B6 /* App.swift in Sources */,
				247210E327A6F0F70084D3B6 /* String+Extension.swift in Sources */,
				2472111827A701F70084D3B6 /* ReceipieDetailsViewModel.swift in Sources */,
				2472111D27A706FA0084D3B6 /* NSObject+Extension.swift in Sources */,
				24293F4127A4080D008CE369 /* CachedRecepieService.swift in Sources */,
				24293F2427A3C03C008CE369 /* ReceipieListViewController.swift in Sources */,
				2472110627A700DA0084D3B6 /* Receipie.swift in Sources */,
				24293F5327A41B2A008CE369 /* ReceipieService.swift in Sources */,
				248801D527B63E080080063A /* AuthCoordinator.swift in Sources */,
				24293F3927A3F5A8008CE369 /* ReceipieDetailsViewController.swift in Sources */,
				24293F7A27A45246008CE369 /* APIReceipieServices.swift in Sources */,
				2472115627AD50980084D3B6 /* DeepLink.swift in Sources */,
				248801DB27B63E430080063A /* HomeCoordinator.swift in Sources */,
				24293F8227A462BA008CE369 /* URL.swift in Sources */,
				24293F1327A2D2F4008CE369 /* StoryboardInitializable.swift in Sources */,
				24293F1827A3B0AD008CE369 /* Coordinator.swift in Sources */,
				24293E9227A2CDE4008CE369 /* Recepie.xcdatamodeld in Sources */,
				248801CD27B63DB20080063A /* AppCoordinator.swift in Sources */,
				24293E8827A2CDE4008CE369 /* AppDelegate.swift in Sources */,
				2472110B27A701020084D3B6 /* UIColor+Extension.swift in Sources */,
				247210FB27A700960084D3B6 /* Authstate.swift in Sources */,
				24293F5927A42156008CE369 /* UIView+Extension.swift in Sources */,
				24293F3127A3C0F8008CE369 /* PullToReloadable.swift in Sources */,
				24293E8A27A2CDE4008CE369 /* SceneDelegate.swift in Sources */,
				24293F6727A423C9008CE369 /* Toast.swift in Sources */,
			);
			runOnlyForDeploymentPostprocessing = 0;
		};
		24293E9927A2CDE6008CE369 /* Sources */ = {
			isa = PBXSourcesBuildPhase;
			buildActionMask = 2147483647;
			files = (
				247210DB27A6ED5F0084D3B6 /* XCTest_Extension.swift in Sources */,
				24293EA227A2CDE6008CE369 /* RecepieTests.swift in Sources */,
			);
			runOnlyForDeploymentPostprocessing = 0;
		};
		24293EA427A2CDE7008CE369 /* Sources */ = {
			isa = PBXSourcesBuildPhase;
			buildActionMask = 2147483647;
			files = (
				24293EAD27A2CDE7008CE369 /* RecepieUITests.swift in Sources */,
				24DE318727AD6308000D8C2A /* DeepLinkUITests.swift in Sources */,
			);
			runOnlyForDeploymentPostprocessing = 0;
		};
/* End PBXSourcesBuildPhase section */

/* Begin PBXTargetDependency section */
		24293E9F27A2CDE6008CE369 /* PBXTargetDependency */ = {
			isa = PBXTargetDependency;
			target = 24293E8327A2CDE4008CE369 /* Recepie */;
			targetProxy = 24293E9E27A2CDE6008CE369 /* PBXContainerItemProxy */;
		};
		24293EAA27A2CDE7008CE369 /* PBXTargetDependency */ = {
			isa = PBXTargetDependency;
			target = 24293E8327A2CDE4008CE369 /* Recepie */;
			targetProxy = 24293EA927A2CDE7008CE369 /* PBXContainerItemProxy */;
		};
/* End PBXTargetDependency section */

/* Begin PBXVariantGroup section */
		24293E8D27A2CDE4008CE369 /* Main.storyboard */ = {
			isa = PBXVariantGroup;
			children = (
				24293E8E27A2CDE4008CE369 /* Base */,
			);
			name = Main.storyboard;
			sourceTree = "<group>";
		};
		24293E9527A2CDE6008CE369 /* LaunchScreen.storyboard */ = {
			isa = PBXVariantGroup;
			children = (
				24293E9627A2CDE6008CE369 /* Base */,
			);
			name = LaunchScreen.storyboard;
			sourceTree = "<group>";
		};
/* End PBXVariantGroup section */

/* Begin XCBuildConfiguration section */
		24293EAF27A2CDE7008CE369 /* Debug */ = {
			isa = XCBuildConfiguration;
			buildSettings = {
				ALWAYS_SEARCH_USER_PATHS = NO;
				CLANG_ANALYZER_NONNULL = YES;
				CLANG_ANALYZER_NUMBER_OBJECT_CONVERSION = YES_AGGRESSIVE;
				CLANG_CXX_LANGUAGE_STANDARD = "gnu++14";
				CLANG_CXX_LIBRARY = "libc++";
				CLANG_ENABLE_MODULES = YES;
				CLANG_ENABLE_OBJC_ARC = YES;
				CLANG_ENABLE_OBJC_WEAK = YES;
				CLANG_WARN_BLOCK_CAPTURE_AUTORELEASING = YES;
				CLANG_WARN_BOOL_CONVERSION = YES;
				CLANG_WARN_COMMA = YES;
				CLANG_WARN_CONSTANT_CONVERSION = YES;
				CLANG_WARN_DEPRECATED_OBJC_IMPLEMENTATIONS = YES;
				CLANG_WARN_DIRECT_OBJC_ISA_USAGE = YES_ERROR;
				CLANG_WARN_DOCUMENTATION_COMMENTS = YES;
				CLANG_WARN_EMPTY_BODY = YES;
				CLANG_WARN_ENUM_CONVERSION = YES;
				CLANG_WARN_INFINITE_RECURSION = YES;
				CLANG_WARN_INT_CONVERSION = YES;
				CLANG_WARN_NON_LITERAL_NULL_CONVERSION = YES;
				CLANG_WARN_OBJC_IMPLICIT_RETAIN_SELF = YES;
				CLANG_WARN_OBJC_LITERAL_CONVERSION = YES;
				CLANG_WARN_OBJC_ROOT_CLASS = YES_ERROR;
				CLANG_WARN_QUOTED_INCLUDE_IN_FRAMEWORK_HEADER = YES;
				CLANG_WARN_RANGE_LOOP_ANALYSIS = YES;
				CLANG_WARN_STRICT_PROTOTYPES = YES;
				CLANG_WARN_SUSPICIOUS_MOVE = YES;
				CLANG_WARN_UNGUARDED_AVAILABILITY = YES_AGGRESSIVE;
				CLANG_WARN_UNREACHABLE_CODE = YES;
				CLANG_WARN__DUPLICATE_METHOD_MATCH = YES;
				COPY_PHASE_STRIP = NO;
				DEBUG_INFORMATION_FORMAT = dwarf;
				ENABLE_STRICT_OBJC_MSGSEND = YES;
				ENABLE_TESTABILITY = YES;
				GCC_C_LANGUAGE_STANDARD = gnu11;
				GCC_DYNAMIC_NO_PIC = NO;
				GCC_NO_COMMON_BLOCKS = YES;
				GCC_OPTIMIZATION_LEVEL = 0;
				GCC_PREPROCESSOR_DEFINITIONS = (
					"DEBUG=1",
					"$(inherited)",
				);
				GCC_WARN_64_TO_32_BIT_CONVERSION = YES;
				GCC_WARN_ABOUT_RETURN_TYPE = YES_ERROR;
				GCC_WARN_UNDECLARED_SELECTOR = YES;
				GCC_WARN_UNINITIALIZED_AUTOS = YES_AGGRESSIVE;
				GCC_WARN_UNUSED_FUNCTION = YES;
				GCC_WARN_UNUSED_VARIABLE = YES;
				IPHONEOS_DEPLOYMENT_TARGET = 14.4;
				MTL_ENABLE_DEBUG_INFO = INCLUDE_SOURCE;
				MTL_FAST_MATH = YES;
				ONLY_ACTIVE_ARCH = YES;
				SDKROOT = iphoneos;
				SWIFT_ACTIVE_COMPILATION_CONDITIONS = DEBUG;
				SWIFT_OPTIMIZATION_LEVEL = "-Onone";
			};
			name = Debug;
		};
		24293EB027A2CDE7008CE369 /* Release */ = {
			isa = XCBuildConfiguration;
			buildSettings = {
				ALWAYS_SEARCH_USER_PATHS = NO;
				CLANG_ANALYZER_NONNULL = YES;
				CLANG_ANALYZER_NUMBER_OBJECT_CONVERSION = YES_AGGRESSIVE;
				CLANG_CXX_LANGUAGE_STANDARD = "gnu++14";
				CLANG_CXX_LIBRARY = "libc++";
				CLANG_ENABLE_MODULES = YES;
				CLANG_ENABLE_OBJC_ARC = YES;
				CLANG_ENABLE_OBJC_WEAK = YES;
				CLANG_WARN_BLOCK_CAPTURE_AUTORELEASING = YES;
				CLANG_WARN_BOOL_CONVERSION = YES;
				CLANG_WARN_COMMA = YES;
				CLANG_WARN_CONSTANT_CONVERSION = YES;
				CLANG_WARN_DEPRECATED_OBJC_IMPLEMENTATIONS = YES;
				CLANG_WARN_DIRECT_OBJC_ISA_USAGE = YES_ERROR;
				CLANG_WARN_DOCUMENTATION_COMMENTS = YES;
				CLANG_WARN_EMPTY_BODY = YES;
				CLANG_WARN_ENUM_CONVERSION = YES;
				CLANG_WARN_INFINITE_RECURSION = YES;
				CLANG_WARN_INT_CONVERSION = YES;
				CLANG_WARN_NON_LITERAL_NULL_CONVERSION = YES;
				CLANG_WARN_OBJC_IMPLICIT_RETAIN_SELF = YES;
				CLANG_WARN_OBJC_LITERAL_CONVERSION = YES;
				CLANG_WARN_OBJC_ROOT_CLASS = YES_ERROR;
				CLANG_WARN_QUOTED_INCLUDE_IN_FRAMEWORK_HEADER = YES;
				CLANG_WARN_RANGE_LOOP_ANALYSIS = YES;
				CLANG_WARN_STRICT_PROTOTYPES = YES;
				CLANG_WARN_SUSPICIOUS_MOVE = YES;
				CLANG_WARN_UNGUARDED_AVAILABILITY = YES_AGGRESSIVE;
				CLANG_WARN_UNREACHABLE_CODE = YES;
				CLANG_WARN__DUPLICATE_METHOD_MATCH = YES;
				COPY_PHASE_STRIP = NO;
				DEBUG_INFORMATION_FORMAT = "dwarf-with-dsym";
				ENABLE_NS_ASSERTIONS = NO;
				ENABLE_STRICT_OBJC_MSGSEND = YES;
				GCC_C_LANGUAGE_STANDARD = gnu11;
				GCC_NO_COMMON_BLOCKS = YES;
				GCC_WARN_64_TO_32_BIT_CONVERSION = YES;
				GCC_WARN_ABOUT_RETURN_TYPE = YES_ERROR;
				GCC_WARN_UNDECLARED_SELECTOR = YES;
				GCC_WARN_UNINITIALIZED_AUTOS = YES_AGGRESSIVE;
				GCC_WARN_UNUSED_FUNCTION = YES;
				GCC_WARN_UNUSED_VARIABLE = YES;
				IPHONEOS_DEPLOYMENT_TARGET = 14.4;
				MTL_ENABLE_DEBUG_INFO = NO;
				MTL_FAST_MATH = YES;
				SDKROOT = iphoneos;
				SWIFT_COMPILATION_MODE = wholemodule;
				SWIFT_OPTIMIZATION_LEVEL = "-O";
				VALIDATE_PRODUCT = YES;
			};
			name = Release;
		};
		24293EB227A2CDE7008CE369 /* Debug */ = {
			isa = XCBuildConfiguration;
			buildSettings = {
				ASSETCATALOG_COMPILER_APPICON_NAME = AppIcon;
				ASSETCATALOG_COMPILER_GLOBAL_ACCENT_COLOR_NAME = AccentColor;
				CODE_SIGN_STYLE = Automatic;
				DEVELOPMENT_TEAM = UF32KJTEL3;
				INFOPLIST_FILE = Recepie/Info.plist;
				LD_RUNPATH_SEARCH_PATHS = (
					"$(inherited)",
					"@executable_path/Frameworks",
				);
				PRODUCT_BUNDLE_IDENTIFIER = com.zalih.Recepie;
				PRODUCT_NAME = "$(TARGET_NAME)";
				SWIFT_VERSION = 5.0;
				TARGETED_DEVICE_FAMILY = "1,2";
			};
			name = Debug;
		};
		24293EB327A2CDE7008CE369 /* Release */ = {
			isa = XCBuildConfiguration;
			buildSettings = {
				ASSETCATALOG_COMPILER_APPICON_NAME = AppIcon;
				ASSETCATALOG_COMPILER_GLOBAL_ACCENT_COLOR_NAME = AccentColor;
				CODE_SIGN_STYLE = Automatic;
				DEVELOPMENT_TEAM = UF32KJTEL3;
				INFOPLIST_FILE = Recepie/Info.plist;
				LD_RUNPATH_SEARCH_PATHS = (
					"$(inherited)",
					"@executable_path/Frameworks",
				);
				PRODUCT_BUNDLE_IDENTIFIER = com.zalih.Recepie;
				PRODUCT_NAME = "$(TARGET_NAME)";
				SWIFT_VERSION = 5.0;
				TARGETED_DEVICE_FAMILY = "1,2";
			};
			name = Release;
		};
		24293EB527A2CDE7008CE369 /* Debug */ = {
			isa = XCBuildConfiguration;
			buildSettings = {
				ALWAYS_EMBED_SWIFT_STANDARD_LIBRARIES = YES;
				BUNDLE_LOADER = "$(TEST_HOST)";
				CODE_SIGN_STYLE = Automatic;
				DEVELOPMENT_TEAM = UF32KJTEL3;
				INFOPLIST_FILE = RecepieTests/Info.plist;
				IPHONEOS_DEPLOYMENT_TARGET = 14.4;
				LD_RUNPATH_SEARCH_PATHS = (
					"$(inherited)",
					"@executable_path/Frameworks",
					"@loader_path/Frameworks",
				);
				PRODUCT_BUNDLE_IDENTIFIER = com.zalih.RecepieTests;
				PRODUCT_NAME = "$(TARGET_NAME)";
				SWIFT_VERSION = 5.0;
				TARGETED_DEVICE_FAMILY = "1,2";
				TEST_HOST = "$(BUILT_PRODUCTS_DIR)/Recepie.app/Recepie";
			};
			name = Debug;
		};
		24293EB627A2CDE7008CE369 /* Release */ = {
			isa = XCBuildConfiguration;
			buildSettings = {
				ALWAYS_EMBED_SWIFT_STANDARD_LIBRARIES = YES;
				BUNDLE_LOADER = "$(TEST_HOST)";
				CODE_SIGN_STYLE = Automatic;
				DEVELOPMENT_TEAM = UF32KJTEL3;
				INFOPLIST_FILE = RecepieTests/Info.plist;
				IPHONEOS_DEPLOYMENT_TARGET = 14.4;
				LD_RUNPATH_SEARCH_PATHS = (
					"$(inherited)",
					"@executable_path/Frameworks",
					"@loader_path/Frameworks",
				);
				PRODUCT_BUNDLE_IDENTIFIER = com.zalih.RecepieTests;
				PRODUCT_NAME = "$(TARGET_NAME)";
				SWIFT_VERSION = 5.0;
				TARGETED_DEVICE_FAMILY = "1,2";
				TEST_HOST = "$(BUILT_PRODUCTS_DIR)/Recepie.app/Recepie";
			};
			name = Release;
		};
		24293EB827A2CDE7008CE369 /* Debug */ = {
			isa = XCBuildConfiguration;
			buildSettings = {
				ALWAYS_EMBED_SWIFT_STANDARD_LIBRARIES = YES;
				CODE_SIGN_STYLE = Automatic;
				DEVELOPMENT_TEAM = UF32KJTEL3;
				INFOPLIST_FILE = RecepieUITests/Info.plist;
				LD_RUNPATH_SEARCH_PATHS = (
					"$(inherited)",
					"@executable_path/Frameworks",
					"@loader_path/Frameworks",
				);
				PRODUCT_BUNDLE_IDENTIFIER = com.zalih.RecepieUITests;
				PRODUCT_NAME = "$(TARGET_NAME)";
				SWIFT_VERSION = 5.0;
				TARGETED_DEVICE_FAMILY = "1,2";
				TEST_TARGET_NAME = Recepie;
			};
			name = Debug;
		};
		24293EB927A2CDE7008CE369 /* Release */ = {
			isa = XCBuildConfiguration;
			buildSettings = {
				ALWAYS_EMBED_SWIFT_STANDARD_LIBRARIES = YES;
				CODE_SIGN_STYLE = Automatic;
				DEVELOPMENT_TEAM = UF32KJTEL3;
				INFOPLIST_FILE = RecepieUITests/Info.plist;
				LD_RUNPATH_SEARCH_PATHS = (
					"$(inherited)",
					"@executable_path/Frameworks",
					"@loader_path/Frameworks",
				);
				PRODUCT_BUNDLE_IDENTIFIER = com.zalih.RecepieUITests;
				PRODUCT_NAME = "$(TARGET_NAME)";
				SWIFT_VERSION = 5.0;
				TARGETED_DEVICE_FAMILY = "1,2";
				TEST_TARGET_NAME = Recepie;
			};
			name = Release;
		};
/* End XCBuildConfiguration section */

/* Begin XCConfigurationList section */
		24293E7F27A2CDE4008CE369 /* Build configuration list for PBXProject "Recepie" */ = {
			isa = XCConfigurationList;
			buildConfigurations = (
				24293EAF27A2CDE7008CE369 /* Debug */,
				24293EB027A2CDE7008CE369 /* Release */,
			);
			defaultConfigurationIsVisible = 0;
			defaultConfigurationName = Release;
		};
		24293EB127A2CDE7008CE369 /* Build configuration list for PBXNativeTarget "Recepie" */ = {
			isa = XCConfigurationList;
			buildConfigurations = (
				24293EB227A2CDE7008CE369 /* Debug */,
				24293EB327A2CDE7008CE369 /* Release */,
			);
			defaultConfigurationIsVisible = 0;
			defaultConfigurationName = Release;
		};
		24293EB427A2CDE7008CE369 /* Build configuration list for PBXNativeTarget "RecepieTests" */ = {
			isa = XCConfigurationList;
			buildConfigurations = (
				24293EB527A2CDE7008CE369 /* Debug */,
				24293EB627A2CDE7008CE369 /* Release */,
			);
			defaultConfigurationIsVisible = 0;
			defaultConfigurationName = Release;
		};
		24293EB727A2CDE7008CE369 /* Build configuration list for PBXNativeTarget "RecepieUITests" */ = {
			isa = XCConfigurationList;
			buildConfigurations = (
				24293EB827A2CDE7008CE369 /* Debug */,
				24293EB927A2CDE7008CE369 /* Release */,
			);
			defaultConfigurationIsVisible = 0;
			defaultConfigurationName = Release;
		};
/* End XCConfigurationList section */

/* Begin XCRemoteSwiftPackageReference section */
		24293F7327A4521B008CE369 /* XCRemoteSwiftPackageReference "Network" */ = {
			isa = XCRemoteSwiftPackageReference;
			repositoryURL = "https://github.com/mzalih/Network";
			requirement = {
				kind = upToNextMajorVersion;
				minimumVersion = 0.0.8;
			};
		};
/* End XCRemoteSwiftPackageReference section */

/* Begin XCSwiftPackageProductDependency section */
		24293F7427A4521B008CE369 /* MNetwork */ = {
			isa = XCSwiftPackageProductDependency;
			package = 24293F7327A4521B008CE369 /* XCRemoteSwiftPackageReference "Network" */;
			productName = MNetwork;
		};
/* End XCSwiftPackageProductDependency section */

/* Begin XCVersionGroup section */
		24293E9027A2CDE4008CE369 /* Recepie.xcdatamodeld */ = {
			isa = XCVersionGroup;
			children = (
				24293E9127A2CDE4008CE369 /* Recepie.xcdatamodel */,
			);
			currentVersion = 24293E9127A2CDE4008CE369 /* Recepie.xcdatamodel */;
			path = Recepie.xcdatamodeld;
			sourceTree = "<group>";
			versionGroupType = wrapper.xcdatamodel;
		};
/* End XCVersionGroup section */
	};
	rootObject = 24293E7C27A2CDE4008CE369 /* Project object */;
}
